
Microsoft Visual Studio Solution File, Format Version 12.00
# Visual Studio 15
VisualStudioVersion = 15.0.27703.2035
MinimumVisualStudioVersion = 10.0.40219.1
Project("{9A19103F-16F7-4668-BE54-9A1E7A4F7556}") = "Goodreads", "Goodreads\Goodreads.csproj", "{F4C02EA1-C808-4DF9-B1D3-E21FD3BBB8E8}"
EndProject
Project("{9A19103F-16F7-4668-BE54-9A1E7A4F7556}") = "Goodreads.Data", "Goodreads.Data\Goodreads.Data.csproj", "{20880475-65FC-4F80-A229-7348168A5FDD}"
EndProject
Project("{FAE04EC0-301F-11D3-BF4B-00C04F79EFBC}") = "Goodreads.Services", "Goodreads.Services\Goodreads.Services.csproj", "{01EF5288-261A-4308-A3BA-4FA79B79932E}"
EndProject
Global
	GlobalSection(SolutionConfigurationPlatforms) = preSolution
		Debug|Any CPU = Debug|Any CPU
		Release|Any CPU = Release|Any CPU
	EndGlobalSection
	GlobalSection(ProjectConfigurationPlatforms) = postSolution
		{F4C02EA1-C808-4DF9-B1D3-E21FD3BBB8E8}.Debug|Any CPU.ActiveCfg = Debug|Any CPU
		{F4C02EA1-C808-4DF9-B1D3-E21FD3BBB8E8}.Debug|Any CPU.Build.0 = Debug|Any CPU
		{F4C02EA1-C808-4DF9-B1D3-E21FD3BBB8E8}.Release|Any CPU.ActiveCfg = Release|Any CPU
		{F4C02EA1-C808-4DF9-B1D3-E21FD3BBB8E8}.Release|Any CPU.Build.0 = Release|Any CPU
		{20880475-65FC-4F80-A229-7348168A5FDD}.Debug|Any CPU.ActiveCfg = Debug|Any CPU
		{20880475-65FC-4F80-A229-7348168A5FDD}.Debug|Any CPU.Build.0 = Debug|Any CPU
		{20880475-65FC-4F80-A229-7348168A5FDD}.Release|Any CPU.ActiveCfg = Release|Any CPU
		{20880475-65FC-4F80-A229-7348168A5FDD}.Release|Any CPU.Build.0 = Release|Any CPU
		{01EF5288-261A-4308-A3BA-4FA79B79932E}.Debug|Any CPU.ActiveCfg = Debug|Any CPU
		{01EF5288-261A-4308-A3BA-4FA79B79932E}.Debug|Any CPU.Build.0 = Debug|Any CPU
		{01EF5288-261A-4308-A3BA-4FA79B79932E}.Release|Any CPU.ActiveCfg = Release|Any CPU
		{01EF5288-261A-4308-A3BA-4FA79B79932E}.Release|Any CPU.Build.0 = Release|Any CPU
	EndGlobalSection
	GlobalSection(SolutionProperties) = preSolution
		HideSolutionNode = FALSE
	EndGlobalSection
	GlobalSection(ExtensibilityGlobals) = postSolution
		SolutionGuid = {5D26D7E0-EB01-41D7-9191-6026CED7EB49}
	EndGlobalSection
EndGlobal
